
Microsoft Visual Studio Solution File, Format Version 12.00
# Visual Studio 15
Project("{FAE04EC0-301F-11D3-BF4B-00C04F79EFBC}") = "FlealessMarket.Android", "FlealessMarket.Android\FlealessMarket.Android.csproj", "{4BBCAC61-BA97-45D8-A2C0-5435D5CBF8D8}"
EndProject
Project("{FAE04EC0-301F-11D3-BF4B-00C04F79EFBC}") = "FlealessMarket.iOS", "FlealessMarket.iOS\FlealessMarket.iOS.csproj", "{6A72CF57-B73A-457B-9CC0-E19B87195AD0}"
EndProject
Project("{FAE04EC0-301F-11D3-BF4B-00C04F79EFBC}") = "FlealessMarket", "FlealessMarket\FlealessMarket.csproj", "{A895FF39-1633-42D3-A82B-2D77770F5B88}"
EndProject
Global
	GlobalSection(SolutionConfigurationPlatforms) = preSolution
		Debug|Any CPU = Debug|Any CPU
		Release|Any CPU = Release|Any CPU
		Debug|iPhoneSimulator = Debug|iPhoneSimulator
		Release|iPhoneSimulator = Release|iPhoneSimulator
		Debug|iPhone = Debug|iPhone
		Release|iPhone = Release|iPhone
	EndGlobalSection
	GlobalSection(ProjectConfigurationPlatforms) = postSolution
		{4BBCAC61-BA97-45D8-A2C0-5435D5CBF8D8}.Debug|Any CPU.ActiveCfg = Debug|Any CPU
		{4BBCAC61-BA97-45D8-A2C0-5435D5CBF8D8}.Debug|Any CPU.Build.0 = Debug|Any CPU
		{4BBCAC61-BA97-45D8-A2C0-5435D5CBF8D8}.Release|Any CPU.ActiveCfg = Release|Any CPU
		{4BBCAC61-BA97-45D8-A2C0-5435D5CBF8D8}.Release|Any CPU.Build.0 = Release|Any CPU
		{4BBCAC61-BA97-45D8-A2C0-5435D5CBF8D8}.Debug|iPhoneSimulator.ActiveCfg = Debug|Any CPU
		{4BBCAC61-BA97-45D8-A2C0-5435D5CBF8D8}.Debug|iPhoneSimulator.Build.0 = Debug|Any CPU
		{4BBCAC61-BA97-45D8-A2C0-5435D5CBF8D8}.Release|iPhoneSimulator.ActiveCfg = Release|Any CPU
		{4BBCAC61-BA97-45D8-A2C0-5435D5CBF8D8}.Release|iPhoneSimulator.Build.0 = Release|Any CPU
		{4BBCAC61-BA97-45D8-A2C0-5435D5CBF8D8}.Debug|iPhone.ActiveCfg = Debug|Any CPU
		{4BBCAC61-BA97-45D8-A2C0-5435D5CBF8D8}.Debug|iPhone.Build.0 = Debug|Any CPU
		{4BBCAC61-BA97-45D8-A2C0-5435D5CBF8D8}.Release|iPhone.ActiveCfg = Release|Any CPU
		{4BBCAC61-BA97-45D8-A2C0-5435D5CBF8D8}.Release|iPhone.Build.0 = Release|Any CPU
		{6A72CF57-B73A-457B-9CC0-E19B87195AD0}.Debug|Any CPU.ActiveCfg = Debug|iPhoneSimulator
		{6A72CF57-B73A-457B-9CC0-E19B87195AD0}.Debug|Any CPU.Build.0 = Debug|iPhoneSimulator
		{6A72CF57-B73A-457B-9CC0-E19B87195AD0}.Release|Any CPU.ActiveCfg = Release|iPhoneSimulator
		{6A72CF57-B73A-457B-9CC0-E19B87195AD0}.Release|Any CPU.Build.0 = Release|iPhoneSimulator
		{6A72CF57-B73A-457B-9CC0-E19B87195AD0}.Debug|iPhoneSimulator.ActiveCfg = Debug|iPhoneSimulator
		{6A72CF57-B73A-457B-9CC0-E19B87195AD0}.Debug|iPhoneSimulator.Build.0 = Debug|iPhoneSimulator
		{6A72CF57-B73A-457B-9CC0-E19B87195AD0}.Release|iPhoneSimulator.ActiveCfg = Release|iPhoneSimulator
		{6A72CF57-B73A-457B-9CC0-E19B87195AD0}.Release|iPhoneSimulator.Build.0 = Release|iPhoneSimulator
		{6A72CF57-B73A-457B-9CC0-E19B87195AD0}.Debug|iPhone.ActiveCfg = Debug|iPhone
		{6A72CF57-B73A-457B-9CC0-E19B87195AD0}.Debug|iPhone.Build.0 = Debug|iPhone
		{6A72CF57-B73A-457B-9CC0-E19B87195AD0}.Release|iPhone.ActiveCfg = Release|iPhone
		{6A72CF57-B73A-457B-9CC0-E19B87195AD0}.Release|iPhone.Build.0 = Release|iPhone
		{A895FF39-1633-42D3-A82B-2D77770F5B88}.Debug|Any CPU.ActiveCfg = Debug|Any CPU
		{A895FF39-1633-42D3-A82B-2D77770F5B88}.Debug|Any CPU.Build.0 = Debug|Any CPU
		{A895FF39-1633-42D3-A82B-2D77770F5B88}.Release|Any CPU.ActiveCfg = Release|Any CPU
		{A895FF39-1633-42D3-A82B-2D77770F5B88}.Release|Any CPU.Build.0 = Release|Any CPU
		{A895FF39-1633-42D3-A82B-2D77770F5B88}.Debug|iPhoneSimulator.ActiveCfg = Debug|Any CPU
		{A895FF39-1633-42D3-A82B-2D77770F5B88}.Debug|iPhoneSimulator.Build.0 = Debug|Any CPU
		{A895FF39-1633-42D3-A82B-2D77770F5B88}.Release|iPhoneSimulator.ActiveCfg = Release|Any CPU
		{A895FF39-1633-42D3-A82B-2D77770F5B88}.Release|iPhoneSimulator.Build.0 = Release|Any CPU
		{A895FF39-1633-42D3-A82B-2D77770F5B88}.Debug|iPhone.ActiveCfg = Debug|Any CPU
		{A895FF39-1633-42D3-A82B-2D77770F5B88}.Debug|iPhone.Build.0 = Debug|Any CPU
		{A895FF39-1633-42D3-A82B-2D77770F5B88}.Release|iPhone.ActiveCfg = Release|Any CPU
		{A895FF39-1633-42D3-A82B-2D77770F5B88}.Release|iPhone.Build.0 = Release|Any CPU
	EndGlobalSection
EndGlobal
